// !$*UTF8*$!
{
	archiveVersion = 1;
	classes = {
	};
	objectVersion = 56;
	objects = {

/* Begin PBXBuildFile section */
		932919452920E32600C6E740 /* EditingViewController.swift in Sources */ = {isa = PBXBuildFile; fileRef = 932919442920E32600C6E740 /* EditingViewController.swift */; };
		9329194A2920E53800C6E740 /* TextViewTableViewCell.swift in Sources */ = {isa = PBXBuildFile; fileRef = 932919492920E53800C6E740 /* TextViewTableViewCell.swift */; };
		9329194C2920E62A00C6E740 /* NameTextView.swift in Sources */ = {isa = PBXBuildFile; fileRef = 9329194B2920E62A00C6E740 /* NameTextView.swift */; };
		9329194E2920F6BB00C6E740 /* DatePickerTableViewCell.swift in Sources */ = {isa = PBXBuildFile; fileRef = 9329194D2920F6BB00C6E740 /* DatePickerTableViewCell.swift */; };
		932919502920F99D00C6E740 /* PickerViewTableViewCell.swift in Sources */ = {isa = PBXBuildFile; fileRef = 9329194F2920F99D00C6E740 /* PickerViewTableViewCell.swift */; };
		932919522920FA7400C6E740 /* GenderPickerView.swift in Sources */ = {isa = PBXBuildFile; fileRef = 932919512920FA7400C6E740 /* GenderPickerView.swift */; };
		932919542920FC3B00C6E740 /* GenderTextField.swift in Sources */ = {isa = PBXBuildFile; fileRef = 932919532920FC3B00C6E740 /* GenderTextField.swift */; };
		932919562921F81600C6E740 /* EditingTableView.swift in Sources */ = {isa = PBXBuildFile; fileRef = 932919552921F81500C6E740 /* EditingTableView.swift */; };
		932919592921FA2600C6E740 /* UserModel.swift in Sources */ = {isa = PBXBuildFile; fileRef = 932919582921FA2600C6E740 /* UserModel.swift */; };
		9329195C2921FB2800C6E740 /* UserDefaultsHelper.swift in Sources */ = {isa = PBXBuildFile; fileRef = 9329195B2921FB2800C6E740 /* UserDefaultsHelper.swift */; };
		9329195E2921FF9100C6E740 /* UIViewController + Extensions.swift in Sources */ = {isa = PBXBuildFile; fileRef = 9329195D2921FF9100C6E740 /* UIViewController + Extensions.swift */; };
		936805B12920D0ED00C67C2E /* AppDelegate.swift in Sources */ = {isa = PBXBuildFile; fileRef = 936805B02920D0ED00C67C2E /* AppDelegate.swift */; };
		936805B52920D0ED00C67C2E /* MainTableViewController.swift in Sources */ = {isa = PBXBuildFile; fileRef = 936805B42920D0ED00C67C2E /* MainTableViewController.swift */; };
		936805BA2920D0EF00C67C2E /* Assets.xcassets in Resources */ = {isa = PBXBuildFile; fileRef = 936805B92920D0EF00C67C2E /* Assets.xcassets */; };
		936805BD2920D0EF00C67C2E /* LaunchScreen.storyboard in Resources */ = {isa = PBXBuildFile; fileRef = 936805BB2920D0EF00C67C2E /* LaunchScreen.storyboard */; };
		936805CD2920D76000C67C2E /* Resources.swift in Sources */ = {isa = PBXBuildFile; fileRef = 936805CC2920D76000C67C2E /* Resources.swift */; };
		936805D02920D82600C67C2E /* MainTableViewCell.swift in Sources */ = {isa = PBXBuildFile; fileRef = 936805CF2920D82600C67C2E /* MainTableViewCell.swift */; };
		936805D52920D9B900C67C2E /* UIView + Extensions.swift in Sources */ = {isa = PBXBuildFile; fileRef = 936805D42920D9B900C67C2E /* UIView + Extensions.swift */; };
/* End PBXBuildFile section */

/* Begin PBXFileReference section */
		932919442920E32600C6E740 /* EditingViewController.swift */ = {isa = PBXFileReference; lastKnownFileType = sourcecode.swift; path = EditingViewController.swift; sourceTree = "<group>"; };
		932919492920E53800C6E740 /* TextViewTableViewCell.swift */ = {isa = PBXFileReference; lastKnownFileType = sourcecode.swift; path = TextViewTableViewCell.swift; sourceTree = "<group>"; };
		9329194B2920E62A00C6E740 /* NameTextView.swift */ = {isa = PBXFileReference; lastKnownFileType = sourcecode.swift; path = NameTextView.swift; sourceTree = "<group>"; };
		9329194D2920F6BB00C6E740 /* DatePickerTableViewCell.swift */ = {isa = PBXFileReference; lastKnownFileType = sourcecode.swift; path = DatePickerTableViewCell.swift; sourceTree = "<group>"; };
		9329194F2920F99D00C6E740 /* PickerViewTableViewCell.swift */ = {isa = PBXFileReference; lastKnownFileType = sourcecode.swift; path = PickerViewTableViewCell.swift; sourceTree = "<group>"; };
		932919512920FA7400C6E740 /* GenderPickerView.swift */ = {isa = PBXFileReference; lastKnownFileType = sourcecode.swift; path = GenderPickerView.swift; sourceTree = "<group>"; };
		932919532920FC3B00C6E740 /* GenderTextField.swift */ = {isa = PBXFileReference; lastKnownFileType = sourcecode.swift; path = GenderTextField.swift; sourceTree = "<group>"; };
		932919552921F81500C6E740 /* EditingTableView.swift */ = {isa = PBXFileReference; lastKnownFileType = sourcecode.swift; path = EditingTableView.swift; sourceTree = "<group>"; };
		932919582921FA2600C6E740 /* UserModel.swift */ = {isa = PBXFileReference; lastKnownFileType = sourcecode.swift; path = UserModel.swift; sourceTree = "<group>"; };
		9329195B2921FB2800C6E740 /* UserDefaultsHelper.swift */ = {isa = PBXFileReference; lastKnownFileType = sourcecode.swift; path = UserDefaultsHelper.swift; sourceTree = "<group>"; };
		9329195D2921FF9100C6E740 /* UIViewController + Extensions.swift */ = {isa = PBXFileReference; lastKnownFileType = sourcecode.swift; path = "UIViewController + Extensions.swift"; sourceTree = "<group>"; };
		936805AD2920D0ED00C67C2E /* UserInfoTask.app */ = {isa = PBXFileReference; explicitFileType = wrapper.application; includeInIndex = 0; path = UserInfoTask.app; sourceTree = BUILT_PRODUCTS_DIR; };
		936805B02920D0ED00C67C2E /* AppDelegate.swift */ = {isa = PBXFileReference; lastKnownFileType = sourcecode.swift; path = AppDelegate.swift; sourceTree = "<group>"; };
		936805B42920D0ED00C67C2E /* MainTableViewController.swift */ = {isa = PBXFileReference; lastKnownFileType = sourcecode.swift; path = MainTableViewController.swift; sourceTree = "<group>"; };
		936805B92920D0EF00C67C2E /* Assets.xcassets */ = {isa = PBXFileReference; lastKnownFileType = folder.assetcatalog; path = Assets.xcassets; sourceTree = "<group>"; };
		936805BC2920D0EF00C67C2E /* Base */ = {isa = PBXFileReference; lastKnownFileType = file.storyboard; name = Base; path = Base.lproj/LaunchScreen.storyboard; sourceTree = "<group>"; };
		936805BE2920D0EF00C67C2E /* Info.plist */ = {isa = PBXFileReference; lastKnownFileType = text.plist.xml; path = Info.plist; sourceTree = "<group>"; };
		936805CC2920D76000C67C2E /* Resources.swift */ = {isa = PBXFileReference; lastKnownFileType = sourcecode.swift; path = Resources.swift; sourceTree = "<group>"; };
		936805CF2920D82600C67C2E /* MainTableViewCell.swift */ = {isa = PBXFileReference; lastKnownFileType = sourcecode.swift; path = MainTableViewCell.swift; sourceTree = "<group>"; };
		936805D42920D9B900C67C2E /* UIView + Extensions.swift */ = {isa = PBXFileReference; lastKnownFileType = sourcecode.swift; path = "UIView + Extensions.swift"; sourceTree = "<group>"; };
/* End PBXFileReference section */

/* Begin PBXFrameworksBuildPhase section */
		936805AA2920D0ED00C67C2E /* Frameworks */ = {
			isa = PBXFrameworksBuildPhase;
			buildActionMask = 2147483647;
			files = (
			);
			runOnlyForDeploymentPostprocessing = 0;
		};
/* End PBXFrameworksBuildPhase section */

/* Begin PBXGroup section */
		932919422920E30200C6E740 /* EditingModule */ = {
			isa = PBXGroup;
			children = (
				932919462920E51400C6E740 /* Views */,
				932919432920E31400C6E740 /* Controllers */,
			);
			path = EditingModule;
			sourceTree = "<group>";
		};
		932919432920E31400C6E740 /* Controllers */ = {
			isa = PBXGroup;
			children = (
				932919442920E32600C6E740 /* EditingViewController.swift */,
			);
			path = Controllers;
			sourceTree = "<group>";
		};
		932919462920E51400C6E740 /* Views */ = {
			isa = PBXGroup;
			children = (
				932919472920E51C00C6E740 /* Cells */,
				9329194B2920E62A00C6E740 /* NameTextView.swift */,
				932919512920FA7400C6E740 /* GenderPickerView.swift */,
				932919532920FC3B00C6E740 /* GenderTextField.swift */,
				932919552921F81500C6E740 /* EditingTableView.swift */,
			);
			path = Views;
			sourceTree = "<group>";
		};
		932919472920E51C00C6E740 /* Cells */ = {
			isa = PBXGroup;
			children = (
				932919492920E53800C6E740 /* TextViewTableViewCell.swift */,
				9329194D2920F6BB00C6E740 /* DatePickerTableViewCell.swift */,
				9329194F2920F99D00C6E740 /* PickerViewTableViewCell.swift */,
			);
			path = Cells;
			sourceTree = "<group>";
		};
		932919572921FA1B00C6E740 /* Models */ = {
			isa = PBXGroup;
			children = (
				932919582921FA2600C6E740 /* UserModel.swift */,
			);
			path = Models;
			sourceTree = "<group>";
		};
		9329195A2921FB1700C6E740 /* Services */ = {
			isa = PBXGroup;
			children = (
				9329195B2921FB2800C6E740 /* UserDefaultsHelper.swift */,
			);
			path = Services;
			sourceTree = "<group>";
		};
		936805A42920D0ED00C67C2E = {
			isa = PBXGroup;
			children = (
				936805AF2920D0ED00C67C2E /* UserInfoTask */,
				936805AE2920D0ED00C67C2E /* Products */,
			);
			sourceTree = "<group>";
		};
		936805AE2920D0ED00C67C2E /* Products */ = {
			isa = PBXGroup;
			children = (
				936805AD2920D0ED00C67C2E /* UserInfoTask.app */,
			);
			name = Products;
			sourceTree = "<group>";
		};
		936805AF2920D0ED00C67C2E /* UserInfoTask */ = {
			isa = PBXGroup;
			children = (
				936805C42920D34D00C67C2E /* Sources */,
				9329195A2921FB1700C6E740 /* Services */,
				936805C52920D35700C67C2E /* Resources */,
			);
			path = UserInfoTask;
			sourceTree = "<group>";
		};
		936805C42920D34D00C67C2E /* Sources */ = {
			isa = PBXGroup;
			children = (
				936805C72920D3A100C67C2E /* Storyboards */,
				936805C82920D3B600C67C2E /* Application */,
				936805C92920D3F300C67C2E /* MainModule */,
				932919422920E30200C6E740 /* EditingModule */,
			);
			path = Sources;
			sourceTree = "<group>";
		};
		936805C52920D35700C67C2E /* Resources */ = {
			isa = PBXGroup;
			children = (
				936805B92920D0EF00C67C2E /* Assets.xcassets */,
				936805C62920D36200C67C2E /* Configuration */,
			);
			path = Resources;
			sourceTree = "<group>";
		};
		936805C62920D36200C67C2E /* Configuration */ = {
			isa = PBXGroup;
			children = (
				936805BE2920D0EF00C67C2E /* Info.plist */,
			);
			path = Configuration;
			sourceTree = "<group>";
		};
		936805C72920D3A100C67C2E /* Storyboards */ = {
			isa = PBXGroup;
			children = (
				936805BB2920D0EF00C67C2E /* LaunchScreen.storyboard */,
			);
			path = Storyboards;
			sourceTree = "<group>";
		};
		936805C82920D3B600C67C2E /* Application */ = {
			isa = PBXGroup;
			children = (
				936805B02920D0ED00C67C2E /* AppDelegate.swift */,
			);
			path = Application;
			sourceTree = "<group>";
		};
		936805C92920D3F300C67C2E /* MainModule */ = {
			isa = PBXGroup;
			children = (
				932919572921FA1B00C6E740 /* Models */,
				936805D12920D99900C67C2E /* Extensions */,
				936805CB2920D73A00C67C2E /* Resource */,
				936805CE2920D81200C67C2E /* Views */,
				936805CA2920D3FC00C67C2E /* Controllers */,
			);
			path = MainModule;
			sourceTree = "<group>";
		};
		936805CA2920D3FC00C67C2E /* Controllers */ = {
			isa = PBXGroup;
			children = (
				936805B42920D0ED00C67C2E /* MainTableViewController.swift */,
			);
			path = Controllers;
			sourceTree = "<group>";
		};
		936805CB2920D73A00C67C2E /* Resource */ = {
			isa = PBXGroup;
			children = (
				936805CC2920D76000C67C2E /* Resources.swift */,
			);
			path = Resource;
			sourceTree = "<group>";
		};
		936805CE2920D81200C67C2E /* Views */ = {
			isa = PBXGroup;
			children = (
				936805CF2920D82600C67C2E /* MainTableViewCell.swift */,
			);
			path = Views;
			sourceTree = "<group>";
		};
		936805D12920D99900C67C2E /* Extensions */ = {
			isa = PBXGroup;
			children = (
				936805D32920D9A600C67C2E /* UIKit */,
			);
			path = Extensions;
			sourceTree = "<group>";
		};
		936805D32920D9A600C67C2E /* UIKit */ = {
			isa = PBXGroup;
			children = (
				936805D42920D9B900C67C2E /* UIView + Extensions.swift */,
				9329195D2921FF9100C6E740 /* UIViewController + Extensions.swift */,
			);
			path = UIKit;
			sourceTree = "<group>";
		};
/* End PBXGroup section */

/* Begin PBXNativeTarget section */
		936805AC2920D0ED00C67C2E /* UserInfoTask */ = {
			isa = PBXNativeTarget;
			buildConfigurationList = 936805C12920D0EF00C67C2E /* Build configuration list for PBXNativeTarget "UserInfoTask" */;
			buildPhases = (
				936805A92920D0ED00C67C2E /* Sources */,
				936805AA2920D0ED00C67C2E /* Frameworks */,
				936805AB2920D0ED00C67C2E /* Resources */,
			);
			buildRules = (
			);
			dependencies = (
			);
			name = UserInfoTask;
			productName = UserInfoTask;
			productReference = 936805AD2920D0ED00C67C2E /* UserInfoTask.app */;
			productType = "com.apple.product-type.application";
		};
/* End PBXNativeTarget section */

/* Begin PBXProject section */
		936805A52920D0ED00C67C2E /* Project object */ = {
			isa = PBXProject;
			attributes = {
				BuildIndependentTargetsInParallel = 1;
				LastSwiftUpdateCheck = 1400;
				LastUpgradeCheck = 1400;
				TargetAttributes = {
					936805AC2920D0ED00C67C2E = {
						CreatedOnToolsVersion = 14.0;
					};
				};
			};
			buildConfigurationList = 936805A82920D0ED00C67C2E /* Build configuration list for PBXProject "UserInfoTask" */;
			compatibilityVersion = "Xcode 14.0";
			developmentRegion = en;
			hasScannedForEncodings = 0;
			knownRegions = (
				en,
				Base,
			);
			mainGroup = 936805A42920D0ED00C67C2E;
			productRefGroup = 936805AE2920D0ED00C67C2E /* Products */;
			projectDirPath = "";
			projectRoot = "";
			targets = (
				936805AC2920D0ED00C67C2E /* UserInfoTask */,
			);
		};
/* End PBXProject section */

/* Begin PBXResourcesBuildPhase section */
		936805AB2920D0ED00C67C2E /* Resources */ = {
			isa = PBXResourcesBuildPhase;
			buildActionMask = 2147483647;
			files = (
				936805BD2920D0EF00C67C2E /* LaunchScreen.storyboard in Resources */,
				936805BA2920D0EF00C67C2E /* Assets.xcassets in Resources */,
			);
			runOnlyForDeploymentPostprocessing = 0;
		};
/* End PBXResourcesBuildPhase section */

/* Begin PBXSourcesBuildPhase section */
		936805A92920D0ED00C67C2E /* Sources */ = {
			isa = PBXSourcesBuildPhase;
			buildActionMask = 2147483647;
			files = (
				9329195C2921FB2800C6E740 /* UserDefaultsHelper.swift in Sources */,
				936805D52920D9B900C67C2E /* UIView + Extensions.swift in Sources */,
				936805CD2920D76000C67C2E /* Resources.swift in Sources */,
				932919452920E32600C6E740 /* EditingViewController.swift in Sources */,
				936805B52920D0ED00C67C2E /* MainTableViewController.swift in Sources */,
				932919522920FA7400C6E740 /* GenderPickerView.swift in Sources */,
				9329195E2921FF9100C6E740 /* UIViewController + Extensions.swift in Sources */,
				936805D02920D82600C67C2E /* MainTableViewCell.swift in Sources */,
				9329194A2920E53800C6E740 /* TextViewTableViewCell.swift in Sources */,
				932919502920F99D00C6E740 /* PickerViewTableViewCell.swift in Sources */,
				932919592921FA2600C6E740 /* UserModel.swift in Sources */,
				9329194C2920E62A00C6E740 /* NameTextView.swift in Sources */,
				932919562921F81600C6E740 /* EditingTableView.swift in Sources */,
				936805B12920D0ED00C67C2E /* AppDelegate.swift in Sources */,
				932919542920FC3B00C6E740 /* GenderTextField.swift in Sources */,
				9329194E2920F6BB00C6E740 /* DatePickerTableViewCell.swift in Sources */,
			);
			runOnlyForDeploymentPostprocessing = 0;
		};
/* End PBXSourcesBuildPhase section */

/* Begin PBXVariantGroup section */
		936805BB2920D0EF00C67C2E /* LaunchScreen.storyboard */ = {
			isa = PBXVariantGroup;
			children = (
				936805BC2920D0EF00C67C2E /* Base */,
			);
			name = LaunchScreen.storyboard;
			sourceTree = "<group>";
		};
/* End PBXVariantGroup section */

/* Begin XCBuildConfiguration section */
		936805BF2920D0EF00C67C2E /* Debug */ = {
			isa = XCBuildConfiguration;
			buildSettings = {
				ALWAYS_SEARCH_USER_PATHS = NO;
				CLANG_ANALYZER_NONNULL = YES;
				CLANG_ANALYZER_NUMBER_OBJECT_CONVERSION = YES_AGGRESSIVE;
				CLANG_CXX_LANGUAGE_STANDARD = "gnu++20";
				CLANG_ENABLE_MODULES = YES;
				CLANG_ENABLE_OBJC_ARC = YES;
				CLANG_ENABLE_OBJC_WEAK = YES;
				CLANG_WARN_BLOCK_CAPTURE_AUTORELEASING = YES;
				CLANG_WARN_BOOL_CONVERSION = YES;
				CLANG_WARN_COMMA = YES;
				CLANG_WARN_CONSTANT_CONVERSION = YES;
				CLANG_WARN_DEPRECATED_OBJC_IMPLEMENTATIONS = YES;
				CLANG_WARN_DIRECT_OBJC_ISA_USAGE = YES_ERROR;
				CLANG_WARN_DOCUMENTATION_COMMENTS = YES;
				CLANG_WARN_EMPTY_BODY = YES;
				CLANG_WARN_ENUM_CONVERSION = YES;
				CLANG_WARN_INFINITE_RECURSION = YES;
				CLANG_WARN_INT_CONVERSION = YES;
				CLANG_WARN_NON_LITERAL_NULL_CONVERSION = YES;
				CLANG_WARN_OBJC_IMPLICIT_RETAIN_SELF = YES;
				CLANG_WARN_OBJC_LITERAL_CONVERSION = YES;
				CLANG_WARN_OBJC_ROOT_CLASS = YES_ERROR;
				CLANG_WARN_QUOTED_INCLUDE_IN_FRAMEWORK_HEADER = YES;
				CLANG_WARN_RANGE_LOOP_ANALYSIS = YES;
				CLANG_WARN_STRICT_PROTOTYPES = YES;
				CLANG_WARN_SUSPICIOUS_MOVE = YES;
				CLANG_WARN_UNGUARDED_AVAILABILITY = YES_AGGRESSIVE;
				CLANG_WARN_UNREACHABLE_CODE = YES;
				CLANG_WARN__DUPLICATE_METHOD_MATCH = YES;
				COPY_PHASE_STRIP = NO;
				DEBUG_INFORMATION_FORMAT = dwarf;
				ENABLE_STRICT_OBJC_MSGSEND = YES;
				ENABLE_TESTABILITY = YES;
				GCC_C_LANGUAGE_STANDARD = gnu11;
				GCC_DYNAMIC_NO_PIC = NO;
				GCC_NO_COMMON_BLOCKS = YES;
				GCC_OPTIMIZATION_LEVEL = 0;
				GCC_PREPROCESSOR_DEFINITIONS = (
					"DEBUG=1",
					"$(inherited)",
				);
				GCC_WARN_64_TO_32_BIT_CONVERSION = YES;
				GCC_WARN_ABOUT_RETURN_TYPE = YES_ERROR;
				GCC_WARN_UNDECLARED_SELECTOR = YES;
				GCC_WARN_UNINITIALIZED_AUTOS = YES_AGGRESSIVE;
				GCC_WARN_UNUSED_FUNCTION = YES;
				GCC_WARN_UNUSED_VARIABLE = YES;
				IPHONEOS_DEPLOYMENT_TARGET = 12.0;
				MTL_ENABLE_DEBUG_INFO = INCLUDE_SOURCE;
				MTL_FAST_MATH = YES;
				ONLY_ACTIVE_ARCH = YES;
				SDKROOT = iphoneos;
				SWIFT_ACTIVE_COMPILATION_CONDITIONS = DEBUG;
				SWIFT_OPTIMIZATION_LEVEL = "-Onone";
			};
			name = Debug;
		};
		936805C02920D0EF00C67C2E /* Release */ = {
			isa = XCBuildConfiguration;
			buildSettings = {
				ALWAYS_SEARCH_USER_PATHS = NO;
				CLANG_ANALYZER_NONNULL = YES;
				CLANG_ANALYZER_NUMBER_OBJECT_CONVERSION = YES_AGGRESSIVE;
				CLANG_CXX_LANGUAGE_STANDARD = "gnu++20";
				CLANG_ENABLE_MODULES = YES;
				CLANG_ENABLE_OBJC_ARC = YES;
				CLANG_ENABLE_OBJC_WEAK = YES;
				CLANG_WARN_BLOCK_CAPTURE_AUTORELEASING = YES;
				CLANG_WARN_BOOL_CONVERSION = YES;
				CLANG_WARN_COMMA = YES;
				CLANG_WARN_CONSTANT_CONVERSION = YES;
				CLANG_WARN_DEPRECATED_OBJC_IMPLEMENTATIONS = YES;
				CLANG_WARN_DIRECT_OBJC_ISA_USAGE = YES_ERROR;
				CLANG_WARN_DOCUMENTATION_COMMENTS = YES;
				CLANG_WARN_EMPTY_BODY = YES;
				CLANG_WARN_ENUM_CONVERSION = YES;
				CLANG_WARN_INFINITE_RECURSION = YES;
				CLANG_WARN_INT_CONVERSION = YES;
				CLANG_WARN_NON_LITERAL_NULL_CONVERSION = YES;
				CLANG_WARN_OBJC_IMPLICIT_RETAIN_SELF = YES;
				CLANG_WARN_OBJC_LITERAL_CONVERSION = YES;
				CLANG_WARN_OBJC_ROOT_CLASS = YES_ERROR;
				CLANG_WARN_QUOTED_INCLUDE_IN_FRAMEWORK_HEADER = YES;
				CLANG_WARN_RANGE_LOOP_ANALYSIS = YES;
				CLANG_WARN_STRICT_PROTOTYPES = YES;
				CLANG_WARN_SUSPICIOUS_MOVE = YES;
				CLANG_WARN_UNGUARDED_AVAILABILITY = YES_AGGRESSIVE;
				CLANG_WARN_UNREACHABLE_CODE = YES;
				CLANG_WARN__DUPLICATE_METHOD_MATCH = YES;
				COPY_PHASE_STRIP = NO;
				DEBUG_INFORMATION_FORMAT = "dwarf-with-dsym";
				ENABLE_NS_ASSERTIONS = NO;
				ENABLE_STRICT_OBJC_MSGSEND = YES;
				GCC_C_LANGUAGE_STANDARD = gnu11;
				GCC_NO_COMMON_BLOCKS = YES;
				GCC_WARN_64_TO_32_BIT_CONVERSION = YES;
				GCC_WARN_ABOUT_RETURN_TYPE = YES_ERROR;
				GCC_WARN_UNDECLARED_SELECTOR = YES;
				GCC_WARN_UNINITIALIZED_AUTOS = YES_AGGRESSIVE;
				GCC_WARN_UNUSED_FUNCTION = YES;
				GCC_WARN_UNUSED_VARIABLE = YES;
				IPHONEOS_DEPLOYMENT_TARGET = 12.0;
				MTL_ENABLE_DEBUG_INFO = NO;
				MTL_FAST_MATH = YES;
				SDKROOT = iphoneos;
				SWIFT_COMPILATION_MODE = wholemodule;
				SWIFT_OPTIMIZATION_LEVEL = "-O";
				VALIDATE_PRODUCT = YES;
			};
			name = Release;
		};
		936805C22920D0EF00C67C2E /* Debug */ = {
			isa = XCBuildConfiguration;
			buildSettings = {
				ASSETCATALOG_COMPILER_APPICON_NAME = AppIcon;
				ASSETCATALOG_COMPILER_GLOBAL_ACCENT_COLOR_NAME = AccentColor;
				CODE_SIGN_STYLE = Automatic;
				CURRENT_PROJECT_VERSION = 1;
				DEVELOPMENT_TEAM = 6U62DU83J9;
				GENERATE_INFOPLIST_FILE = YES;
				INFOPLIST_FILE = UserInfoTask/Resources/Configuration/Info.plist;
				INFOPLIST_KEY_UIApplicationSupportsIndirectInputEvents = YES;
				INFOPLIST_KEY_UILaunchStoryboardName = LaunchScreen;
				INFOPLIST_KEY_UISupportedInterfaceOrientations = UIInterfaceOrientationPortrait;
				INFOPLIST_KEY_UISupportedInterfaceOrientations_iPad = "UIInterfaceOrientationLandscapeLeft UIInterfaceOrientationLandscapeRight UIInterfaceOrientationPortrait UIInterfaceOrientationPortraitUpsideDown";
				IPHONEOS_DEPLOYMENT_TARGET = 12.0;
				LD_RUNPATH_SEARCH_PATHS = (
					"$(inherited)",
					"@executable_path/Frameworks",
				);
				MARKETING_VERSION = 1.0;
				PRODUCT_BUNDLE_IDENTIFIER = donskov.UserInfoTask;
				PRODUCT_NAME = "$(TARGET_NAME)";
				SUPPORTED_PLATFORMS = "iphoneos iphonesimulator";
				SUPPORTS_MACCATALYST = NO;
				SUPPORTS_MAC_DESIGNED_FOR_IPHONE_IPAD = NO;
				SWIFT_EMIT_LOC_STRINGS = YES;
				SWIFT_VERSION = 5.0;
				TARGETED_DEVICE_FAMILY = 1;
			};
			name = Debug;
		};
		936805C32920D0EF00C67C2E /* Release */ = {
			isa = XCBuildConfiguration;
			buildSettings = {
				ASSETCATALOG_COMPILER_APPICON_NAME = AppIcon;
				ASSETCATALOG_COMPILER_GLOBAL_ACCENT_COLOR_NAME = AccentColor;
				CODE_SIGN_STYLE = Automatic;
				CURRENT_PROJECT_VERSION = 1;
				DEVELOPMENT_TEAM = 6U62DU83J9;
				GENERATE_INFOPLIST_FILE = YES;
				INFOPLIST_FILE = UserInfoTask/Resources/Configuration/Info.plist;
				INFOPLIST_KEY_UIApplicationSupportsIndirectInputEvents = YES;
				INFOPLIST_KEY_UILaunchStoryboardName = LaunchScreen;
				INFOPLIST_KEY_UISupportedInterfaceOrientations = UIInterfaceOrientationPortrait;
				INFOPLIST_KEY_UISupportedInterfaceOrientations_iPad = "UIInterfaceOrientationLandscapeLeft UIInterfaceOrientationLandscapeRight UIInterfaceOrientationPortrait UIInterfaceOrientationPortraitUpsideDown";
				IPHONEOS_DEPLOYMENT_TARGET = 12.0;
				LD_RUNPATH_SEARCH_PATHS = (
					"$(inherited)",
					"@executable_path/Frameworks",
				);
				MARKETING_VERSION = 1.0;
				PRODUCT_BUNDLE_IDENTIFIER = donskov.UserInfoTask;
				PRODUCT_NAME = "$(TARGET_NAME)";
				SUPPORTED_PLATFORMS = "iphoneos iphonesimulator";
				SUPPORTS_MACCATALYST = NO;
				SUPPORTS_MAC_DESIGNED_FOR_IPHONE_IPAD = NO;
				SWIFT_EMIT_LOC_STRINGS = YES;
				SWIFT_VERSION = 5.0;
				TARGETED_DEVICE_FAMILY = 1;
			};
			name = Release;
		};
/* End XCBuildConfiguration section */

/* Begin XCConfigurationList section */
		936805A82920D0ED00C67C2E /* Build configuration list for PBXProject "UserInfoTask" */ = {
			isa = XCConfigurationList;
			buildConfigurations = (
				936805BF2920D0EF00C67C2E /* Debug */,
				936805C02920D0EF00C67C2E /* Release */,
			);
			defaultConfigurationIsVisible = 0;
			defaultConfigurationName = Release;
		};
		936805C12920D0EF00C67C2E /* Build configuration list for PBXNativeTarget "UserInfoTask" */ = {
			isa = XCConfigurationList;
			buildConfigurations = (
				936805C22920D0EF00C67C2E /* Debug */,
				936805C32920D0EF00C67C2E /* Release */,
			);
			defaultConfigurationIsVisible = 0;
			defaultConfigurationName = Release;
		};
/* End XCConfigurationList section */
	};
	rootObject = 936805A52920D0ED00C67C2E /* Project object */;
}
